{
  "name": "mys-tools",
  "version": "1.0.2",
  "lockfileVersion": 1,
  "requires": true,
  "dependencies": {
    "@types/estree": {
      "version": "0.0.46",
      "resolved": "https://registry.npm.taobao.org/@types/estree/download/@types/estree-0.0.46.tgz?cache=0&sync_timestamp=1610406957384&other_urls=https%3A%2F%2Fregistry.npm.taobao.org%2F%40types%2Festree%2Fdownload%2F%40types%2Festree-0.0.46.tgz",
      "integrity": "sha1-D7a/u+q9ejCIBQSZM2nEvx3qsf4=",
      "dev": true
    },
    "@types/lodash": {
      "version": "4.14.168",
      "resolved": "https://registry.npm.taobao.org/@types/lodash/download/@types/lodash-4.14.168.tgz?cache=0&sync_timestamp=1610980846329&other_urls=https%3A%2F%2Fregistry.npm.taobao.org%2F%40types%2Flodash%2Fdownload%2F%40types%2Flodash-4.14.168.tgz",
      "integrity": "sha1-/iRjLnm3rePxMoka//hsql5c4Ag=",
      "dev": true
    },
    "@types/node": {
      "version": "14.14.25",
      "resolved": "https://registry.npm.taobao.org/@types/node/download/@types/node-14.14.25.tgz",
      "integrity": "sha1-FZZ6e1d/+BOD+biIqmcF1D+7rpM=",
      "dev": true
    },
    "@types/resolve": {
      "version": "0.0.8",
      "resolved": "https://registry.npm.taobao.org/@types/resolve/download/@types/resolve-0.0.8.tgz?cache=0&sync_timestamp=1611614557383&other_urls=https%3A%2F%2Fregistry.npm.taobao.org%2F%40types%2Fresolve%2Fdownload%2F%40types%2Fresolve-0.0.8.tgz",
      "integrity": "sha1-8mB00jjgJlnjI84aE9BB7uKA4ZQ=",
      "dev": true,
      "requires": {
        "@types/node": "*"
      }
    },
    "balanced-match": {
      "version": "1.0.0",
      "resolved": "https://registry.npm.taobao.org/balanced-match/download/balanced-match-1.0.0.tgz",
      "integrity": "sha1-ibTRmasr7kneFk6gK4nORi1xt2c=",
      "dev": true
    },
    "brace-expansion": {
      "version": "1.1.11",
      "resolved": "https://registry.npm.taobao.org/brace-expansion/download/brace-expansion-1.1.11.tgz?cache=0&sync_timestamp=1601898189928&other_urls=https%3A%2F%2Fregistry.npm.taobao.org%2Fbrace-expansion%2Fdownload%2Fbrace-expansion-1.1.11.tgz",
      "integrity": "sha1-PH/L9SnYcibz0vUrlm/1Jx60Qd0=",
      "dev": true,
      "requires": {
        "balanced-match": "^1.0.0",
        "concat-map": "0.0.1"
      }
    },
    "builtin-modules": {
      "version": "3.2.0",
      "resolved": "https://registry.npm.taobao.org/builtin-modules/download/builtin-modules-3.2.0.tgz?cache=0&sync_timestamp=1608615074813&other_urls=https%3A%2F%2Fregistry.npm.taobao.org%2Fbuiltin-modules%2Fdownload%2Fbuiltin-modules-3.2.0.tgz",
      "integrity": "sha1-RdXbmefuXmvE82LgCL+RerUEmIc=",
      "dev": true
    },
    "commander": {
      "version": "7.0.0",
      "resolved": "https://registry.npm.taobao.org/commander/download/commander-7.0.0.tgz?cache=0&sync_timestamp=1610702151695&other_urls=https%3A%2F%2Fregistry.npm.taobao.org%2Fcommander%2Fdownload%2Fcommander-7.0.0.tgz",
      "integrity": "sha1-Piu/2LtnJHYJgJiPtbIrfua3GrI=",
      "dev": true
    },
    "concat-map": {
      "version": "0.0.1",
      "resolved": "https://registry.npm.taobao.org/concat-map/download/concat-map-0.0.1.tgz",
      "integrity": "sha1-2Klr13/Wjfd5OnMDajug1UBdR3s=",
      "dev": true
    },
    "dayjs": {
      "version": "1.10.4",
      "resolved": "https://registry.npm.taobao.org/dayjs/download/dayjs-1.10.4.tgz?cache=0&sync_timestamp=1611309982734&other_urls=https%3A%2F%2Fregistry.npm.taobao.org%2Fdayjs%2Fdownload%2Fdayjs-1.10.4.tgz",
      "integrity": "sha1-jlRKm4aD9heD9XCYCoqA6vVKseI="
    },
    "estree-walker": {
      "version": "0.6.1",
      "resolved": "https://registry.npm.taobao.org/estree-walker/download/estree-walker-0.6.1.tgz",
      "integrity": "sha1-UwSRQ/QMbrkYsjZx0f4yGfOhs2I=",
      "dev": true
    },
    "fs.realpath": {
      "version": "1.0.0",
      "resolved": "https://registry.npm.taobao.org/fs.realpath/download/fs.realpath-1.0.0.tgz",
      "integrity": "sha1-FQStJSMVjKpA20onh8sBQRmU6k8=",
      "dev": true
    },
    "fsevents": {
      "version": "2.3.1",
      "resolved": "https://registry.npm.taobao.org/fsevents/download/fsevents-2.3.1.tgz",
      "integrity": "sha1-sgmrFMYQEmNsiGNQft9/tozFTp8=",
      "dev": true,
      "optional": true
    },
    "function-bind": {
      "version": "1.1.1",
      "resolved": "https://registry.npm.taobao.org/function-bind/download/function-bind-1.1.1.tgz",
      "integrity": "sha1-pWiZ0+o8m6uHS7l3O3xe3pL0iV0=",
      "dev": true
    },
    "glob": {
      "version": "7.1.6",
      "resolved": "https://registry.npm.taobao.org/glob/download/glob-7.1.6.tgz?cache=0&sync_timestamp=1599054256752&other_urls=https%3A%2F%2Fregistry.npm.taobao.org%2Fglob%2Fdownload%2Fglob-7.1.6.tgz",
      "integrity": "sha1-FB8zuBp8JJLhJVlDB0gMRmeSeKY=",
      "dev": true,
      "requires": {
        "fs.realpath": "^1.0.0",
        "inflight": "^1.0.4",
        "inherits": "2",
        "minimatch": "^3.0.4",
        "once": "^1.3.0",
        "path-is-absolute": "^1.0.0"
      }
    },
    "has": {
      "version": "1.0.3",
      "resolved": "https://registry.npm.taobao.org/has/download/has-1.0.3.tgz",
      "integrity": "sha1-ci18v8H2qoJB8W3YFOAR4fQeh5Y=",
      "dev": true,
      "requires": {
        "function-bind": "^1.1.1"
      }
    },
    "inflight": {
      "version": "1.0.6",
      "resolved": "https://registry.npm.taobao.org/inflight/download/inflight-1.0.6.tgz",
      "integrity": "sha1-Sb1jMdfQLQwJvJEKEHW6gWW1bfk=",
      "dev": true,
      "requires": {
        "once": "^1.3.0",
        "wrappy": "1"
      }
    },
    "inherits": {
      "version": "2.0.4",
      "resolved": "https://registry.npm.taobao.org/inherits/download/inherits-2.0.4.tgz",
      "integrity": "sha1-D6LGT5MpF8NDOg3tVTY6rjdBa3w=",
      "dev": true
    },
    "interpret": {
      "version": "1.4.0",
      "resolved": "https://registry.npm.taobao.org/interpret/download/interpret-1.4.0.tgz",
      "integrity": "sha1-Zlq4vE2iendKQFhOgS4+D6RbGh4=",
      "dev": true
    },
    "is-core-module": {
      "version": "2.2.0",
      "resolved": "https://registry.npm.taobao.org/is-core-module/download/is-core-module-2.2.0.tgz?cache=0&sync_timestamp=1606413651726&other_urls=https%3A%2F%2Fregistry.npm.taobao.org%2Fis-core-module%2Fdownload%2Fis-core-module-2.2.0.tgz",
      "integrity": "sha1-lwN+89UiJNhRY/VZeytj2a/tmBo=",
      "dev": true,
      "requires": {
        "has": "^1.0.3"
      }
    },
    "is-module": {
      "version": "1.0.0",
      "resolved": "https://registry.npm.taobao.org/is-module/download/is-module-1.0.0.tgz",
      "integrity": "sha1-Mlj7afeMFNW4FdZkM2tM/7ZEFZE=",
      "dev": true
    },
    "is-reference": {
      "version": "1.2.1",
      "resolved": "https://registry.npm.taobao.org/is-reference/download/is-reference-1.2.1.tgz",
      "integrity": "sha1-iy2sCzcfS8mU/eq6nrVC0DAC0Lc=",
      "dev": true,
      "requires": {
        "@types/estree": "*"
      }
    },
    "lodash": {
      "version": "4.17.20",
      "resolved": "https://registry.npm.taobao.org/lodash/download/lodash-4.17.20.tgz",
      "integrity": "sha1-tEqbYpe8tpjxxRo1RaKzs2jVnFI="
    },
    "magic-string": {
      "version": "0.25.7",
      "resolved": "https://registry.npm.taobao.org/magic-string/download/magic-string-0.25.7.tgz",
      "integrity": "sha1-P0l9b9NMZpxnmNy4IfLvMfVEUFE=",
      "dev": true,
      "requires": {
        "sourcemap-codec": "^1.4.4"
      }
    },
    "minimatch": {
      "version": "3.0.4",
      "resolved": "https://registry.npm.taobao.org/minimatch/download/minimatch-3.0.4.tgz",
      "integrity": "sha1-UWbihkV/AzBgZL5Ul+jbsMPTIIM=",
      "dev": true,
      "requires": {
        "brace-expansion": "^1.1.7"
      }
    },
    "once": {
      "version": "1.4.0",
      "resolved": "https://registry.npm.taobao.org/once/download/once-1.4.0.tgz",
      "integrity": "sha1-WDsap3WWHUsROsF9nFC6753Xa9E=",
      "dev": true,
      "requires": {
        "wrappy": "1"
      }
    },
    "path-is-absolute": {
      "version": "1.0.1",
      "resolved": "https://registry.npm.taobao.org/path-is-absolute/download/path-is-absolute-1.0.1.tgz",
      "integrity": "sha1-F0uSaHNVNP+8es5r9TpanhtcX18=",
      "dev": true
    },
    "path-parse": {
      "version": "1.0.6",
      "resolved": "https://registry.npm.taobao.org/path-parse/download/path-parse-1.0.6.tgz",
      "integrity": "sha1-1i27VnlAXXLEc37FhgDp3c8G0kw=",
      "dev": true
    },
    "rechoir": {
      "version": "0.6.2",
      "resolved": "https://registry.npm.taobao.org/rechoir/download/rechoir-0.6.2.tgz",
      "integrity": "sha1-hSBLVNuoLVdC4oyWdW70OvUOM4Q=",
      "dev": true,
      "requires": {
        "resolve": "^1.1.6"
      }
    },
    "resolve": {
      "version": "1.19.0",
      "resolved": "https://registry.npm.taobao.org/resolve/download/resolve-1.19.0.tgz",
      "integrity": "sha1-GvW/YwQJc0oGfK4pMYqsf6KaJnw=",
      "dev": true,
      "requires": {
        "is-core-module": "^2.1.0",
        "path-parse": "^1.0.6"
      }
    },
    "rollup": {
      "version": "2.38.5",
      "resolved": "https://registry.npm.taobao.org/rollup/download/rollup-2.38.5.tgz?cache=0&sync_timestamp=1612505332111&other_urls=https%3A%2F%2Fregistry.npm.taobao.org%2Frollup%2Fdownload%2Frollup-2.38.5.tgz",
      "integrity": "sha1-vkGtT+DBA6h5Q3evzrXyK49gPWo=",
      "dev": true,
      "requires": {
        "fsevents": "~2.3.1"
      }
    },
    "rollup-plugin-commonjs": {
      "version": "10.1.0",
      "resolved": "https://registry.npmjs.org/rollup-plugin-commonjs/-/rollup-plugin-commonjs-10.1.0.tgz",
      "integrity": "sha512-jlXbjZSQg8EIeAAvepNwhJj++qJWNJw1Cl0YnOqKtP5Djx+fFGkp3WRh+W0ASCaFG5w1jhmzDxgu3SJuVxPF4Q==",
      "dev": true,
      "requires": {
        "estree-walker": "^0.6.1",
        "is-reference": "^1.1.2",
        "magic-string": "^0.25.2",
        "resolve": "^1.11.0",
        "rollup-pluginutils": "^2.8.1"
      }
    },
    "rollup-plugin-node-resolve": {
      "version": "5.2.0",
      "resolved": "https://registry.npm.taobao.org/rollup-plugin-node-resolve/download/rollup-plugin-node-resolve-5.2.0.tgz",
      "integrity": "sha1-cw+T0Q7SAkc7H7VKWZen24xthSM=",
      "dev": true,
      "requires": {
        "@types/resolve": "0.0.8",
        "builtin-modules": "^3.1.0",
        "is-module": "^1.0.0",
        "resolve": "^1.11.1",
        "rollup-pluginutils": "^2.8.1"
      }
    },
    "rollup-plugin-typescript": {
      "version": "1.0.1",
      "resolved": "https://registry.npm.taobao.org/rollup-plugin-typescript/download/rollup-plugin-typescript-1.0.1.tgz",
      "integrity": "sha1-hlZQM7cUw9Hzq6UQqtPcUZ9wkek=",
      "dev": true,
      "requires": {
        "resolve": "^1.10.0",
        "rollup-pluginutils": "^2.5.0"
      }
    },
    "rollup-pluginutils": {
      "version": "2.8.2",
      "resolved": "https://registry.npm.taobao.org/rollup-pluginutils/download/rollup-pluginutils-2.8.2.tgz",
      "integrity": "sha1-cvKvB0i1kjZNvTOJ5gDlqURKNR4=",
      "dev": true,
      "requires": {
        "estree-walker": "^0.6.1"
      }
    },
    "shelljs": {
      "version": "0.8.4",
      "resolved": "https://registry.npm.taobao.org/shelljs/download/shelljs-0.8.4.tgz?cache=0&sync_timestamp=1589684087110&other_urls=https%3A%2F%2Fregistry.npm.taobao.org%2Fshelljs%2Fdownload%2Fshelljs-0.8.4.tgz",
      "integrity": "sha1-3naE/ut2f4cWsyYHiooAh1iQ48I=",
      "dev": true,
      "requires": {
        "glob": "^7.0.0",
        "interpret": "^1.0.0",
        "rechoir": "^0.6.2"
      }
    },
    "sourcemap-codec": {
      "version": "1.4.8",
      "resolved": "https://registry.npm.taobao.org/sourcemap-codec/download/sourcemap-codec-1.4.8.tgz",
      "integrity": "sha1-6oBL2UhXQC5pktBaOO8a41qatMQ=",
      "dev": true
    },
    "tslib": {
      "version": "2.1.0",
      "resolved": "https://registry.npm.taobao.org/tslib/download/tslib-2.1.0.tgz?cache=0&sync_timestamp=1609887785854&other_urls=https%3A%2F%2Fregistry.npm.taobao.org%2Ftslib%2Fdownload%2Ftslib-2.1.0.tgz",
      "integrity": "sha1-2mCGDxwuyqVwOrfTm8Bba/mIuXo=",
      "dev": true
    },
    "typescript": {
      "version": "4.1.3",
      "resolved": "https://registry.npm.taobao.org/typescript/download/typescript-4.1.3.tgz?cache=0&sync_timestamp=1612423416964&other_urls=https%3A%2F%2Fregistry.npm.taobao.org%2Ftypescript%2Fdownload%2Ftypescript-4.1.3.tgz",
      "integrity": "sha1-UZ1YK9lMugz4k0x9joRn5HP1O7c=",
      "dev": true
    },
    "wrappy": {
      "version": "1.0.2",
      "resolved": "https://registry.npm.taobao.org/wrappy/download/wrappy-1.0.2.tgz",
      "integrity": "sha1-tSQ9jz7BqjXxNkYFvA0QNuMKtp8=",
      "dev": true
    }
  }
}
